// !$*UTF8*$!
{
	archiveVersion = 1;
	classes = {
	};
	objectVersion = 46;
	objects = {

/* Begin PBXBuildFile section */
		33ADD8C21C48A7BE0039D14B /* AppDelegate.swift in Sources */ = {isa = PBXBuildFile; fileRef = 33ADD8C11C48A7BE0039D14B /* AppDelegate.swift */; };
		33ADD8C41C48A7BE0039D14B /* ViewController.swift in Sources */ = {isa = PBXBuildFile; fileRef = 33ADD8C31C48A7BE0039D14B /* ViewController.swift */; };
		33ADD8C71C48A7BE0039D14B /* Main.storyboard in Resources */ = {isa = PBXBuildFile; fileRef = 33ADD8C51C48A7BE0039D14B /* Main.storyboard */; };
		33ADD8C91C48A7BE0039D14B /* Assets.xcassets in Resources */ = {isa = PBXBuildFile; fileRef = 33ADD8C81C48A7BE0039D14B /* Assets.xcassets */; };
		33ADD8CC1C48A7BE0039D14B /* LaunchScreen.storyboard in Resources */ = {isa = PBXBuildFile; fileRef = 33ADD8CA1C48A7BE0039D14B /* LaunchScreen.storyboard */; };
		33ADD8D71C48A7BE0039D14B /* TiltChallengeTests.swift in Sources */ = {isa = PBXBuildFile; fileRef = 33ADD8D61C48A7BE0039D14B /* TiltChallengeTests.swift */; };
		33ADD8E21C48A7BE0039D14B /* TiltChallengeUITests.swift in Sources */ = {isa = PBXBuildFile; fileRef = 33ADD8E11C48A7BE0039D14B /* TiltChallengeUITests.swift */; };
		33ADD8F21C48A8A50039D14B /* MapKit.framework in Frameworks */ = {isa = PBXBuildFile; fileRef = 33ADD8F11C48A8A50039D14B /* MapKit.framework */; };
		33ADD8F51C48ABA40039D14B /* FoursquareGlobals.swift in Sources */ = {isa = PBXBuildFile; fileRef = 33ADD8F41C48ABA40039D14B /* FoursquareGlobals.swift */; };
		33ADD8FE1C48B0FF0039D14B /* LocationParameters.swift in Sources */ = {isa = PBXBuildFile; fileRef = 33ADD8FD1C48B0FF0039D14B /* LocationParameters.swift */; };
		33ADD9001C48B4890039D14B /* DistanceGlobals.swift in Sources */ = {isa = PBXBuildFile; fileRef = 33ADD8FF1C48B4890039D14B /* DistanceGlobals.swift */; };
		33D6BB8E1C4AFEB400143DB8 /* FoursquarePuller.swift in Sources */ = {isa = PBXBuildFile; fileRef = 33D6BB8D1C4AFEB400143DB8 /* FoursquarePuller.swift */; };
		33D6BB981C4B036600143DB8 /* QuadratTouch.framework in Frameworks */ = {isa = PBXBuildFile; fileRef = 33D6BB971C4B036600143DB8 /* QuadratTouch.framework */; };
		33D6BB991C4B036600143DB8 /* QuadratTouch.framework in Embed Frameworks */ = {isa = PBXBuildFile; fileRef = 33D6BB971C4B036600143DB8 /* QuadratTouch.framework */; settings = {ATTRIBUTES = (CodeSignOnCopy, RemoveHeadersOnCopy, ); }; };
		33D6BB9E1C4B10D200143DB8 /* VenueObject.swift in Sources */ = {isa = PBXBuildFile; fileRef = 33D6BB9D1C4B10D200143DB8 /* VenueObject.swift */; };
		33D6BBA11C4B261600143DB8 /* Annotation.swift in Sources */ = {isa = PBXBuildFile; fileRef = 33D6BBA01C4B261600143DB8 /* Annotation.swift */; };
/* End PBXBuildFile section */

/* Begin PBXContainerItemProxy section */
		33ADD8D31C48A7BE0039D14B /* PBXContainerItemProxy */ = {
			isa = PBXContainerItemProxy;
			containerPortal = 33ADD8B61C48A7BE0039D14B /* Project object */;
			proxyType = 1;
			remoteGlobalIDString = 33ADD8BD1C48A7BE0039D14B;
			remoteInfo = TiltChallenge;
		};
		33ADD8DE1C48A7BE0039D14B /* PBXContainerItemProxy */ = {
			isa = PBXContainerItemProxy;
			containerPortal = 33ADD8B61C48A7BE0039D14B /* Project object */;
			proxyType = 1;
			remoteGlobalIDString = 33ADD8BD1C48A7BE0039D14B;
			remoteInfo = TiltChallenge;
		};
/* End PBXContainerItemProxy section */

/* Begin PBXCopyFilesBuildPhase section */
		33D6BB921C4AFF8400143DB8 /* Embed Frameworks */ = {
			isa = PBXCopyFilesBuildPhase;
			buildActionMask = 2147483647;
			dstPath = "";
			dstSubfolderSpec = 10;
			files = (
				33D6BB991C4B036600143DB8 /* QuadratTouch.framework in Embed Frameworks */,
			);
			name = "Embed Frameworks";
			runOnlyForDeploymentPostprocessing = 0;
		};
/* End PBXCopyFilesBuildPhase section */

/* Begin PBXFileReference section */
		33ADD8BE1C48A7BE0039D14B /* TiltChallenge.app */ = {isa = PBXFileReference; explicitFileType = wrapper.application; includeInIndex = 0; path = TiltChallenge.app; sourceTree = BUILT_PRODUCTS_DIR; };
		33ADD8C11C48A7BE0039D14B /* AppDelegate.swift */ = {isa = PBXFileReference; lastKnownFileType = sourcecode.swift; path = AppDelegate.swift; sourceTree = "<group>"; };
		33ADD8C31C48A7BE0039D14B /* ViewController.swift */ = {isa = PBXFileReference; lastKnownFileType = sourcecode.swift; path = ViewController.swift; sourceTree = "<group>"; };
		33ADD8C61C48A7BE0039D14B /* Base */ = {isa = PBXFileReference; lastKnownFileType = file.storyboard; name = Base; path = Base.lproj/Main.storyboard; sourceTree = "<group>"; };
		33ADD8C81C48A7BE0039D14B /* Assets.xcassets */ = {isa = PBXFileReference; lastKnownFileType = folder.assetcatalog; path = Assets.xcassets; sourceTree = "<group>"; };
		33ADD8CB1C48A7BE0039D14B /* Base */ = {isa = PBXFileReference; lastKnownFileType = file.storyboard; name = Base; path = Base.lproj/LaunchScreen.storyboard; sourceTree = "<group>"; };
		33ADD8CD1C48A7BE0039D14B /* Info.plist */ = {isa = PBXFileReference; lastKnownFileType = text.plist.xml; path = Info.plist; sourceTree = "<group>"; };
		33ADD8D21C48A7BE0039D14B /* TiltChallengeTests.xctest */ = {isa = PBXFileReference; explicitFileType = wrapper.cfbundle; includeInIndex = 0; path = TiltChallengeTests.xctest; sourceTree = BUILT_PRODUCTS_DIR; };
		33ADD8D61C48A7BE0039D14B /* TiltChallengeTests.swift */ = {isa = PBXFileReference; lastKnownFileType = sourcecode.swift; path = TiltChallengeTests.swift; sourceTree = "<group>"; };
		33ADD8D81C48A7BE0039D14B /* Info.plist */ = {isa = PBXFileReference; lastKnownFileType = text.plist.xml; path = Info.plist; sourceTree = "<group>"; };
		33ADD8DD1C48A7BE0039D14B /* TiltChallengeUITests.xctest */ = {isa = PBXFileReference; explicitFileType = wrapper.cfbundle; includeInIndex = 0; path = TiltChallengeUITests.xctest; sourceTree = BUILT_PRODUCTS_DIR; };
		33ADD8E11C48A7BE0039D14B /* TiltChallengeUITests.swift */ = {isa = PBXFileReference; lastKnownFileType = sourcecode.swift; path = TiltChallengeUITests.swift; sourceTree = "<group>"; };
		33ADD8E31C48A7BE0039D14B /* Info.plist */ = {isa = PBXFileReference; lastKnownFileType = text.plist.xml; path = Info.plist; sourceTree = "<group>"; };
		33ADD8F11C48A8A50039D14B /* MapKit.framework */ = {isa = PBXFileReference; lastKnownFileType = wrapper.framework; name = MapKit.framework; path = System/Library/Frameworks/MapKit.framework; sourceTree = SDKROOT; };
		33ADD8F41C48ABA40039D14B /* FoursquareGlobals.swift */ = {isa = PBXFileReference; fileEncoding = 4; lastKnownFileType = sourcecode.swift; path = FoursquareGlobals.swift; sourceTree = "<group>"; };
		33ADD8FD1C48B0FF0039D14B /* LocationParameters.swift */ = {isa = PBXFileReference; fileEncoding = 4; lastKnownFileType = sourcecode.swift; path = LocationParameters.swift; sourceTree = "<group>"; };
		33ADD8FF1C48B4890039D14B /* DistanceGlobals.swift */ = {isa = PBXFileReference; fileEncoding = 4; lastKnownFileType = sourcecode.swift; path = DistanceGlobals.swift; sourceTree = "<group>"; };
		33D6BB8D1C4AFEB400143DB8 /* FoursquarePuller.swift */ = {isa = PBXFileReference; fileEncoding = 4; lastKnownFileType = sourcecode.swift; path = FoursquarePuller.swift; sourceTree = "<group>"; };
		33D6BB971C4B036600143DB8 /* QuadratTouch.framework */ = {isa = PBXFileReference; lastKnownFileType = wrapper.framework; path = QuadratTouch.framework; sourceTree = "<group>"; };
		33D6BB9D1C4B10D200143DB8 /* VenueObject.swift */ = {isa = PBXFileReference; fileEncoding = 4; lastKnownFileType = sourcecode.swift; path = VenueObject.swift; sourceTree = "<group>"; };
		33D6BBA01C4B261600143DB8 /* Annotation.swift */ = {isa = PBXFileReference; fileEncoding = 4; lastKnownFileType = sourcecode.swift; path = Annotation.swift; sourceTree = "<group>"; };
/* End PBXFileReference section */

/* Begin PBXFrameworksBuildPhase section */
		33ADD8BB1C48A7BE0039D14B /* Frameworks */ = {
			isa = PBXFrameworksBuildPhase;
			buildActionMask = 2147483647;
			files = (
				33ADD8F21C48A8A50039D14B /* MapKit.framework in Frameworks */,
				33D6BB981C4B036600143DB8 /* QuadratTouch.framework in Frameworks */,
			);
			runOnlyForDeploymentPostprocessing = 0;
		};
		33ADD8CF1C48A7BE0039D14B /* Frameworks */ = {
			isa = PBXFrameworksBuildPhase;
			buildActionMask = 2147483647;
			files = (
			);
			runOnlyForDeploymentPostprocessing = 0;
		};
		33ADD8DA1C48A7BE0039D14B /* Frameworks */ = {
			isa = PBXFrameworksBuildPhase;
			buildActionMask = 2147483647;
			files = (
			);
			runOnlyForDeploymentPostprocessing = 0;
		};
/* End PBXFrameworksBuildPhase section */

/* Begin PBXGroup section */
		33ADD8B51C48A7BE0039D14B = {
			isa = PBXGroup;
			children = (
				33D6BB971C4B036600143DB8 /* QuadratTouch.framework */,
				33ADD8F11C48A8A50039D14B /* MapKit.framework */,
				33ADD8C01C48A7BE0039D14B /* TiltChallenge */,
				33ADD8D51C48A7BE0039D14B /* TiltChallengeTests */,
				33ADD8E01C48A7BE0039D14B /* TiltChallengeUITests */,
				33ADD8BF1C48A7BE0039D14B /* Products */,
			);
			sourceTree = "<group>";
		};
		33ADD8BF1C48A7BE0039D14B /* Products */ = {
			isa = PBXGroup;
			children = (
				33ADD8BE1C48A7BE0039D14B /* TiltChallenge.app */,
				33ADD8D21C48A7BE0039D14B /* TiltChallengeTests.xctest */,
				33ADD8DD1C48A7BE0039D14B /* TiltChallengeUITests.xctest */,
			);
			name = Products;
			sourceTree = "<group>";
		};
		33ADD8C01C48A7BE0039D14B /* TiltChallenge */ = {
			isa = PBXGroup;
			children = (
				33D6BB9F1C4B260B00143DB8 /* Map */,
				33D6BB8C1C4AFEA900143DB8 /* Foursquare */,
				33ADD8FC1C48B0EA0039D14B /* Location */,
				33ADD8F31C48AB980039D14B /* Globals */,
				33ADD8C11C48A7BE0039D14B /* AppDelegate.swift */,
				33ADD8C31C48A7BE0039D14B /* ViewController.swift */,
				33ADD8C51C48A7BE0039D14B /* Main.storyboard */,
				33ADD8C81C48A7BE0039D14B /* Assets.xcassets */,
				33ADD8CA1C48A7BE0039D14B /* LaunchScreen.storyboard */,
				33ADD8CD1C48A7BE0039D14B /* Info.plist */,
			);
			path = TiltChallenge;
			sourceTree = "<group>";
		};
		33ADD8D51C48A7BE0039D14B /* TiltChallengeTests */ = {
			isa = PBXGroup;
			children = (
				33ADD8D61C48A7BE0039D14B /* TiltChallengeTests.swift */,
				33ADD8D81C48A7BE0039D14B /* Info.plist */,
			);
			path = TiltChallengeTests;
			sourceTree = "<group>";
		};
		33ADD8E01C48A7BE0039D14B /* TiltChallengeUITests */ = {
			isa = PBXGroup;
			children = (
				33ADD8E11C48A7BE0039D14B /* TiltChallengeUITests.swift */,
				33ADD8E31C48A7BE0039D14B /* Info.plist */,
			);
			path = TiltChallengeUITests;
			sourceTree = "<group>";
		};
		33ADD8F31C48AB980039D14B /* Globals */ = {
			isa = PBXGroup;
			children = (
				33ADD8F41C48ABA40039D14B /* FoursquareGlobals.swift */,
				33ADD8FF1C48B4890039D14B /* DistanceGlobals.swift */,
			);
			name = Globals;
			sourceTree = "<group>";
		};
		33ADD8FC1C48B0EA0039D14B /* Location */ = {
			isa = PBXGroup;
			children = (
				33ADD8FD1C48B0FF0039D14B /* LocationParameters.swift */,
			);
			name = Location;
			sourceTree = "<group>";
		};
		33D6BB8C1C4AFEA900143DB8 /* Foursquare */ = {
			isa = PBXGroup;
			children = (
				33D6BB8D1C4AFEB400143DB8 /* FoursquarePuller.swift */,
				33D6BB9D1C4B10D200143DB8 /* VenueObject.swift */,
			);
			name = Foursquare;
			sourceTree = "<group>";
		};
		33D6BB9F1C4B260B00143DB8 /* Map */ = {
			isa = PBXGroup;
			children = (
				33D6BBA01C4B261600143DB8 /* Annotation.swift */,
			);
			name = Map;
			sourceTree = "<group>";
		};
/* End PBXGroup section */

/* Begin PBXNativeTarget section */
		33ADD8BD1C48A7BE0039D14B /* TiltChallenge */ = {
			isa = PBXNativeTarget;
			buildConfigurationList = 33ADD8E61C48A7BE0039D14B /* Build configuration list for PBXNativeTarget "TiltChallenge" */;
			buildPhases = (
				33ADD8BA1C48A7BE0039D14B /* Sources */,
				33ADD8BB1C48A7BE0039D14B /* Frameworks */,
				33ADD8BC1C48A7BE0039D14B /* Resources */,
				33D6BB921C4AFF8400143DB8 /* Embed Frameworks */,
			);
			buildRules = (
			);
			dependencies = (
			);
			name = TiltChallenge;
			productName = TiltChallenge;
			productReference = 33ADD8BE1C48A7BE0039D14B /* TiltChallenge.app */;
			productType = "com.apple.product-type.application";
		};
		33ADD8D11C48A7BE0039D14B /* TiltChallengeTests */ = {
			isa = PBXNativeTarget;
			buildConfigurationList = 33ADD8E91C48A7BE0039D14B /* Build configuration list for PBXNativeTarget "TiltChallengeTests" */;
			buildPhases = (
				33ADD8CE1C48A7BE0039D14B /* Sources */,
				33ADD8CF1C48A7BE0039D14B /* Frameworks */,
				33ADD8D01C48A7BE0039D14B /* Resources */,
			);
			buildRules = (
			);
			dependencies = (
				33ADD8D41C48A7BE0039D14B /* PBXTargetDependency */,
			);
			name = TiltChallengeTests;
			productName = TiltChallengeTests;
			productReference = 33ADD8D21C48A7BE0039D14B /* TiltChallengeTests.xctest */;
			productType = "com.apple.product-type.bundle.unit-test";
		};
		33ADD8DC1C48A7BE0039D14B /* TiltChallengeUITests */ = {
			isa = PBXNativeTarget;
			buildConfigurationList = 33ADD8EC1C48A7BE0039D14B /* Build configuration list for PBXNativeTarget "TiltChallengeUITests" */;
			buildPhases = (
				33ADD8D91C48A7BE0039D14B /* Sources */,
				33ADD8DA1C48A7BE0039D14B /* Frameworks */,
				33ADD8DB1C48A7BE0039D14B /* Resources */,
			);
			buildRules = (
			);
			dependencies = (
				33ADD8DF1C48A7BE0039D14B /* PBXTargetDependency */,
			);
			name = TiltChallengeUITests;
			productName = TiltChallengeUITests;
			productReference = 33ADD8DD1C48A7BE0039D14B /* TiltChallengeUITests.xctest */;
			productType = "com.apple.product-type.bundle.ui-testing";
		};
/* End PBXNativeTarget section */

/* Begin PBXProject section */
		33ADD8B61C48A7BE0039D14B /* Project object */ = {
			isa = PBXProject;
			attributes = {
				LastSwiftUpdateCheck = 0720;
				LastUpgradeCheck = 0720;
				ORGANIZATIONNAME = MattKlein;
				TargetAttributes = {
					33ADD8BD1C48A7BE0039D14B = {
						CreatedOnToolsVersion = 7.2;
						SystemCapabilities = {
							com.apple.Maps.iOS = {
								enabled = 1;
							};
						};
					};
					33ADD8D11C48A7BE0039D14B = {
						CreatedOnToolsVersion = 7.2;
						TestTargetID = 33ADD8BD1C48A7BE0039D14B;
					};
					33ADD8DC1C48A7BE0039D14B = {
						CreatedOnToolsVersion = 7.2;
						TestTargetID = 33ADD8BD1C48A7BE0039D14B;
					};
				};
			};
			buildConfigurationList = 33ADD8B91C48A7BE0039D14B /* Build configuration list for PBXProject "TiltChallenge" */;
			compatibilityVersion = "Xcode 3.2";
			developmentRegion = English;
			hasScannedForEncodings = 0;
			knownRegions = (
				en,
				Base,
			);
			mainGroup = 33ADD8B51C48A7BE0039D14B;
			productRefGroup = 33ADD8BF1C48A7BE0039D14B /* Products */;
			projectDirPath = "";
			projectRoot = "";
			targets = (
				33ADD8BD1C48A7BE0039D14B /* TiltChallenge */,
				33ADD8D11C48A7BE0039D14B /* TiltChallengeTests */,
				33ADD8DC1C48A7BE0039D14B /* TiltChallengeUITests */,
			);
		};
/* End PBXProject section */

/* Begin PBXResourcesBuildPhase section */
		33ADD8BC1C48A7BE0039D14B /* Resources */ = {
			isa = PBXResourcesBuildPhase;
			buildActionMask = 2147483647;
			files = (
				33ADD8CC1C48A7BE0039D14B /* LaunchScreen.storyboard in Resources */,
				33ADD8C91C48A7BE0039D14B /* Assets.xcassets in Resources */,
				33ADD8C71C48A7BE0039D14B /* Main.storyboard in Resources */,
			);
			runOnlyForDeploymentPostprocessing = 0;
		};
		33ADD8D01C48A7BE0039D14B /* Resources */ = {
			isa = PBXResourcesBuildPhase;
			buildActionMask = 2147483647;
			files = (
			);
			runOnlyForDeploymentPostprocessing = 0;
		};
		33ADD8DB1C48A7BE0039D14B /* Resources */ = {
			isa = PBXResourcesBuildPhase;
			buildActionMask = 2147483647;
			files = (
			);
			runOnlyForDeploymentPostprocessing = 0;
		};
/* End PBXResourcesBuildPhase section */

/* Begin PBXSourcesBuildPhase section */
		33ADD8BA1C48A7BE0039D14B /* Sources */ = {
			isa = PBXSourcesBuildPhase;
			buildActionMask = 2147483647;
			files = (
				33ADD8C41C48A7BE0039D14B /* ViewController.swift in Sources */,
				33ADD8F51C48ABA40039D14B /* FoursquareGlobals.swift in Sources */,
				33ADD9001C48B4890039D14B /* DistanceGlobals.swift in Sources */,
				33ADD8C21C48A7BE0039D14B /* AppDelegate.swift in Sources */,
				33D6BB8E1C4AFEB400143DB8 /* FoursquarePuller.swift in Sources */,
				33D6BB9E1C4B10D200143DB8 /* VenueObject.swift in Sources */,
				33D6BBA11C4B261600143DB8 /* Annotation.swift in Sources */,
				33ADD8FE1C48B0FF0039D14B /* LocationParameters.swift in Sources */,
			);
			runOnlyForDeploymentPostprocessing = 0;
		};
		33ADD8CE1C48A7BE0039D14B /* Sources */ = {
			isa = PBXSourcesBuildPhase;
			buildActionMask = 2147483647;
			files = (
				33ADD8D71C48A7BE0039D14B /* TiltChallengeTests.swift in Sources */,
			);
			runOnlyForDeploymentPostprocessing = 0;
		};
		33ADD8D91C48A7BE0039D14B /* Sources */ = {
			isa = PBXSourcesBuildPhase;
			buildActionMask = 2147483647;
			files = (
				33ADD8E21C48A7BE0039D14B /* TiltChallengeUITests.swift in Sources */,
			);
			runOnlyForDeploymentPostprocessing = 0;
		};
/* End PBXSourcesBuildPhase section */

/* Begin PBXTargetDependency section */
		33ADD8D41C48A7BE0039D14B /* PBXTargetDependency */ = {
			isa = PBXTargetDependency;
			target = 33ADD8BD1C48A7BE0039D14B /* TiltChallenge */;
			targetProxy = 33ADD8D31C48A7BE0039D14B /* PBXContainerItemProxy */;
		};
		33ADD8DF1C48A7BE0039D14B /* PBXTargetDependency */ = {
			isa = PBXTargetDependency;
			target = 33ADD8BD1C48A7BE0039D14B /* TiltChallenge */;
			targetProxy = 33ADD8DE1C48A7BE0039D14B /* PBXContainerItemProxy */;
		};
/* End PBXTargetDependency section */

/* Begin PBXVariantGroup section */
		33ADD8C51C48A7BE0039D14B /* Main.storyboard */ = {
			isa = PBXVariantGroup;
			children = (
				33ADD8C61C48A7BE0039D14B /* Base */,
			);
			name = Main.storyboard;
			sourceTree = "<group>";
		};
		33ADD8CA1C48A7BE0039D14B /* LaunchScreen.storyboard */ = {
			isa = PBXVariantGroup;
			children = (
				33ADD8CB1C48A7BE0039D14B /* Base */,
			);
			name = LaunchScreen.storyboard;
			sourceTree = "<group>";
		};
/* End PBXVariantGroup section */

/* Begin XCBuildConfiguration section */
		33ADD8E41C48A7BE0039D14B /* Debug */ = {
			isa = XCBuildConfiguration;
			buildSettings = {
				ALWAYS_SEARCH_USER_PATHS = NO;
				CLANG_CXX_LANGUAGE_STANDARD = "gnu++0x";
				CLANG_CXX_LIBRARY = "libc++";
				CLANG_ENABLE_MODULES = YES;
				CLANG_ENABLE_OBJC_ARC = YES;
				CLANG_WARN_BOOL_CONVERSION = YES;
				CLANG_WARN_CONSTANT_CONVERSION = YES;
				CLANG_WARN_DIRECT_OBJC_ISA_USAGE = YES_ERROR;
				CLANG_WARN_EMPTY_BODY = YES;
				CLANG_WARN_ENUM_CONVERSION = YES;
				CLANG_WARN_INT_CONVERSION = YES;
				CLANG_WARN_OBJC_ROOT_CLASS = YES_ERROR;
				CLANG_WARN_UNREACHABLE_CODE = YES;
				CLANG_WARN__DUPLICATE_METHOD_MATCH = YES;
				"CODE_SIGN_IDENTITY[sdk=iphoneos*]" = "iPhone Developer";
				COPY_PHASE_STRIP = NO;
				DEBUG_INFORMATION_FORMAT = dwarf;
				ENABLE_STRICT_OBJC_MSGSEND = YES;
				ENABLE_TESTABILITY = YES;
				GCC_C_LANGUAGE_STANDARD = gnu99;
				GCC_DYNAMIC_NO_PIC = NO;
				GCC_NO_COMMON_BLOCKS = YES;
				GCC_OPTIMIZATION_LEVEL = 0;
				GCC_PREPROCESSOR_DEFINITIONS = (
					"DEBUG=1",
					"$(inherited)",
				);
				GCC_WARN_64_TO_32_BIT_CONVERSION = YES;
				GCC_WARN_ABOUT_RETURN_TYPE = YES_ERROR;
				GCC_WARN_UNDECLARED_SELECTOR = YES;
				GCC_WARN_UNINITIALIZED_AUTOS = YES_AGGRESSIVE;
				GCC_WARN_UNUSED_FUNCTION = YES;
				GCC_WARN_UNUSED_VARIABLE = YES;
				IPHONEOS_DEPLOYMENT_TARGET = 9.2;
				MTL_ENABLE_DEBUG_INFO = YES;
				ONLY_ACTIVE_ARCH = YES;
				SDKROOT = iphoneos;
				SWIFT_OPTIMIZATION_LEVEL = "-Onone";
			};
			name = Debug;
		};
		33ADD8E51C48A7BE0039D14B /* Release */ = {
			isa = XCBuildConfiguration;
			buildSettings = {
				ALWAYS_SEARCH_USER_PATHS = NO;
				CLANG_CXX_LANGUAGE_STANDARD = "gnu++0x";
				CLANG_CXX_LIBRARY = "libc++";
				CLANG_ENABLE_MODULES = YES;
				CLANG_ENABLE_OBJC_ARC = YES;
				CLANG_WARN_BOOL_CONVERSION = YES;
				CLANG_WARN_CONSTANT_CONVERSION = YES;
				CLANG_WARN_DIRECT_OBJC_ISA_USAGE = YES_ERROR;
				CLANG_WARN_EMPTY_BODY = YES;
				CLANG_WARN_ENUM_CONVERSION = YES;
				CLANG_WARN_INT_CONVERSION = YES;
				CLANG_WARN_OBJC_ROOT_CLASS = YES_ERROR;
				CLANG_WARN_UNREACHABLE_CODE = YES;
				CLANG_WARN__DUPLICATE_METHOD_MATCH = YES;
				"CODE_SIGN_IDENTITY[sdk=iphoneos*]" = "iPhone Developer";
				COPY_PHASE_STRIP = NO;
				DEBUG_INFORMATION_FORMAT = "dwarf-with-dsym";
				ENABLE_NS_ASSERTIONS = NO;
				ENABLE_STRICT_OBJC_MSGSEND = YES;
				GCC_C_LANGUAGE_STANDARD = gnu99;
				GCC_NO_COMMON_BLOCKS = YES;
				GCC_WARN_64_TO_32_BIT_CONVERSION = YES;
				GCC_WARN_ABOUT_RETURN_TYPE = YES_ERROR;
				GCC_WARN_UNDECLARED_SELECTOR = YES;
				GCC_WARN_UNINITIALIZED_AUTOS = YES_AGGRESSIVE;
				GCC_WARN_UNUSED_FUNCTION = YES;
				GCC_WARN_UNUSED_VARIABLE = YES;
				IPHONEOS_DEPLOYMENT_TARGET = 9.2;
				MTL_ENABLE_DEBUG_INFO = NO;
				SDKROOT = iphoneos;
				VALIDATE_PRODUCT = YES;
			};
			name = Release;
		};
		33ADD8E71C48A7BE0039D14B /* Debug */ = {
			isa = XCBuildConfiguration;
			buildSettings = {
				ASSETCATALOG_COMPILER_APPICON_NAME = AppIcon;
				FRAMEWORK_SEARCH_PATHS = (
					"$(inherited)",
					"$(PROJECT_DIR)",
					"$(SRCROOT)",
				);
				INFOPLIST_FILE = TiltChallenge/Info.plist;
				LD_RUNPATH_SEARCH_PATHS = "$(inherited) @executable_path/Frameworks";
				PRODUCT_BUNDLE_IDENTIFIER = com.MattKlein.TiltChallenge;
				PRODUCT_NAME = "$(TARGET_NAME)";
			};
			name = Debug;
		};
		33ADD8E81C48A7BE0039D14B /* Release */ = {
			isa = XCBuildConfiguration;
			buildSettings = {
				ASSETCATALOG_COMPILER_APPICON_NAME = AppIcon;
				FRAMEWORK_SEARCH_PATHS = (
					"$(inherited)",
					"$(PROJECT_DIR)",
					"$(SRCROOT)",
				);
				INFOPLIST_FILE = TiltChallenge/Info.plist;
				LD_RUNPATH_SEARCH_PATHS = "$(inherited) @executable_path/Frameworks";
				PRODUCT_BUNDLE_IDENTIFIER = com.MattKlein.TiltChallenge;
				PRODUCT_NAME = "$(TARGET_NAME)";
			};
			name = Release;
		};
		33ADD8EA1C48A7BE0039D14B /* Debug */ = {
			isa = XCBuildConfiguration;
			buildSettings = {
				BUNDLE_LOADER = "$(TEST_HOST)";
				INFOPLIST_FILE = TiltChallengeTests/Info.plist;
				LD_RUNPATH_SEARCH_PATHS = "$(inherited) @executable_path/Frameworks @loader_path/Frameworks";
				PRODUCT_BUNDLE_IDENTIFIER = com.MattKlein.TiltChallengeTests;
				PRODUCT_NAME = "$(TARGET_NAME)";
				TEST_HOST = "$(BUILT_PRODUCTS_DIR)/TiltChallenge.app/TiltChallenge";
			};
			name = Debug;
		};
		33ADD8EB1C48A7BE0039D14B /* Release */ = {
			isa = XCBuildConfiguration;
			buildSettings = {
				BUNDLE_LOADER = "$(TEST_HOST)";
				INFOPLIST_FILE = TiltChallengeTests/Info.plist;
				LD_RUNPATH_SEARCH_PATHS = "$(inherited) @executable_path/Frameworks @loader_path/Frameworks";
				PRODUCT_BUNDLE_IDENTIFIER = com.MattKlein.TiltChallengeTests;
				PRODUCT_NAME = "$(TARGET_NAME)";
				TEST_HOST = "$(BUILT_PRODUCTS_DIR)/TiltChallenge.app/TiltChallenge";
			};
			name = Release;
		};
		33ADD8ED1C48A7BE0039D14B /* Debug */ = {
			isa = XCBuildConfiguration;
			buildSettings = {
				INFOPLIST_FILE = TiltChallengeUITests/Info.plist;
				LD_RUNPATH_SEARCH_PATHS = "$(inherited) @executable_path/Frameworks @loader_path/Frameworks";
				PRODUCT_BUNDLE_IDENTIFIER = com.MattKlein.TiltChallengeUITests;
				PRODUCT_NAME = "$(TARGET_NAME)";
				TEST_TARGET_NAME = TiltChallenge;
				USES_XCTRUNNER = YES;
			};
			name = Debug;
		};
		33ADD8EE1C48A7BE0039D14B /* Release */ = {
			isa = XCBuildConfiguration;
			buildSettings = {
				INFOPLIST_FILE = TiltChallengeUITests/Info.plist;
				LD_RUNPATH_SEARCH_PATHS = "$(inherited) @executable_path/Frameworks @loader_path/Frameworks";
				PRODUCT_BUNDLE_IDENTIFIER = com.MattKlein.TiltChallengeUITests;
				PRODUCT_NAME = "$(TARGET_NAME)";
				TEST_TARGET_NAME = TiltChallenge;
				USES_XCTRUNNER = YES;
			};
			name = Release;
		};
/* End XCBuildConfiguration section */

/* Begin XCConfigurationList section */
		33ADD8B91C48A7BE0039D14B /* Build configuration list for PBXProject "TiltChallenge" */ = {
			isa = XCConfigurationList;
			buildConfigurations = (
				33ADD8E41C48A7BE0039D14B /* Debug */,
				33ADD8E51C48A7BE0039D14B /* Release */,
			);
			defaultConfigurationIsVisible = 0;
			defaultConfigurationName = Release;
		};
		33ADD8E61C48A7BE0039D14B /* Build configuration list for PBXNativeTarget "TiltChallenge" */ = {
			isa = XCConfigurationList;
			buildConfigurations = (
				33ADD8E71C48A7BE0039D14B /* Debug */,
				33ADD8E81C48A7BE0039D14B /* Release */,
			);
			defaultConfigurationIsVisible = 0;
			defaultConfigurationName = Release;
		};
		33ADD8E91C48A7BE0039D14B /* Build configuration list for PBXNativeTarget "TiltChallengeTests" */ = {
			isa = XCConfigurationList;
			buildConfigurations = (
				33ADD8EA1C48A7BE0039D14B /* Debug */,
				33ADD8EB1C48A7BE0039D14B /* Release */,
			);
			defaultConfigurationIsVisible = 0;
			defaultConfigurationName = Release;
		};
		33ADD8EC1C48A7BE0039D14B /* Build configuration list for PBXNativeTarget "TiltChallengeUITests" */ = {
			isa = XCConfigurationList;
			buildConfigurations = (
				33ADD8ED1C48A7BE0039D14B /* Debug */,
				33ADD8EE1C48A7BE0039D14B /* Release */,
			);
			defaultConfigurationIsVisible = 0;
			defaultConfigurationName = Release;
		};
/* End XCConfigurationList section */
	};
	rootObject = 33ADD8B61C48A7BE0039D14B /* Project object */;
}
